# This file is automatically @generated by Cargo.
# It is not intended for manual editing.
[[package]]
name = "advent2020"
version = "0.1.0"
dependencies = [
 "claim",
]

[[package]]
name = "autocfg"
version = "1.0.1"
source = "registry+https://github.com/rust-lang/crates.io-index"
checksum = "cdb031dd78e28731d87d56cc8ffef4a8f36ca26c38fe2de700543e627f8a464a"

[[package]]
name = "claim"
version = "0.4.0"
source = "registry+https://github.com/rust-lang/crates.io-index"
checksum = "68ad37958d55b29a7088909368968d2fe876a24c203f8441195130f3b15194b9"
dependencies = [
 "autocfg",
]
